// !$*UTF8*$!
{
	archiveVersion = 1;
	classes = {
	};
	objectVersion = 46;
	objects = {

/* Begin PBXBuildFile section */
		67FAFA6918C2825F00CE6481 /* Foundation.framework in Frameworks */ = {isa = PBXBuildFile; fileRef = 67FAFA6818C2825F00CE6481 /* Foundation.framework */; };
		67FAFA6B18C2825F00CE6481 /* CoreGraphics.framework in Frameworks */ = {isa = PBXBuildFile; fileRef = 67FAFA6A18C2825F00CE6481 /* CoreGraphics.framework */; };
		67FAFA6D18C2825F00CE6481 /* UIKit.framework in Frameworks */ = {isa = PBXBuildFile; fileRef = 67FAFA6C18C2825F00CE6481 /* UIKit.framework */; };
		67FAFA7318C2825F00CE6481 /* InfoPlist.strings in Resources */ = {isa = PBXBuildFile; fileRef = 67FAFA7118C2825F00CE6481 /* InfoPlist.strings */; };
		67FAFA7518C2825F00CE6481 /* main.m in Sources */ = {isa = PBXBuildFile; fileRef = 67FAFA7418C2825F00CE6481 /* main.m */; };
		67FAFA7918C2825F00CE6481 /* AppDelegate.m in Sources */ = {isa = PBXBuildFile; fileRef = 67FAFA7818C2825F00CE6481 /* AppDelegate.m */; };
		67FAFA7B18C2825F00CE6481 /* Images.xcassets in Resources */ = {isa = PBXBuildFile; fileRef = 67FAFA7A18C2825F00CE6481 /* Images.xcassets */; };
		67FAFA8218C2825F00CE6481 /* XCTest.framework in Frameworks */ = {isa = PBXBuildFile; fileRef = 67FAFA8118C2825F00CE6481 /* XCTest.framework */; };
		67FAFA8318C2825F00CE6481 /* Foundation.framework in Frameworks */ = {isa = PBXBuildFile; fileRef = 67FAFA6818C2825F00CE6481 /* Foundation.framework */; };
		67FAFA8418C2825F00CE6481 /* UIKit.framework in Frameworks */ = {isa = PBXBuildFile; fileRef = 67FAFA6C18C2825F00CE6481 /* UIKit.framework */; };
		67FAFA8C18C2825F00CE6481 /* InfoPlist.strings in Resources */ = {isa = PBXBuildFile; fileRef = 67FAFA8A18C2825F00CE6481 /* InfoPlist.strings */; };
		67FAFA8E18C2825F00CE6481 /* NuPalTests.m in Sources */ = {isa = PBXBuildFile; fileRef = 67FAFA8D18C2825F00CE6481 /* NuPalTests.m */; };
		67FAFAA318C293C600CE6481 /* Default-568h@2x.png in Resources */ = {isa = PBXBuildFile; fileRef = 67FAFAA218C293C600CE6481 /* Default-568h@2x.png */; };
		67FAFAA418C293C600CE6481 /* Default-568h@2x.png in Resources */ = {isa = PBXBuildFile; fileRef = 67FAFAA218C293C600CE6481 /* Default-568h@2x.png */; };
/* End PBXBuildFile section */

/* Begin PBXContainerItemProxy section */
		67FAFA8518C2825F00CE6481 /* PBXContainerItemProxy */ = {
			isa = PBXContainerItemProxy;
			containerPortal = 67FAFA5D18C2825F00CE6481 /* Project object */;
			proxyType = 1;
			remoteGlobalIDString = 67FAFA6418C2825F00CE6481;
			remoteInfo = NuPal;
		};
/* End PBXContainerItemProxy section */

/* Begin PBXFileReference section */
		67FAFA6518C2825F00CE6481 /* NuPal.app */ = {isa = PBXFileReference; explicitFileType = wrapper.application; includeInIndex = 0; path = NuPal.app; sourceTree = BUILT_PRODUCTS_DIR; };
		67FAFA6818C2825F00CE6481 /* Foundation.framework */ = {isa = PBXFileReference; lastKnownFileType = wrapper.framework; name = Foundation.framework; path = System/Library/Frameworks/Foundation.framework; sourceTree = SDKROOT; };
		67FAFA6A18C2825F00CE6481 /* CoreGraphics.framework */ = {isa = PBXFileReference; lastKnownFileType = wrapper.framework; name = CoreGraphics.framework; path = System/Library/Frameworks/CoreGraphics.framework; sourceTree = SDKROOT; };
		67FAFA6C18C2825F00CE6481 /* UIKit.framework */ = {isa = PBXFileReference; lastKnownFileType = wrapper.framework; name = UIKit.framework; path = System/Library/Frameworks/UIKit.framework; sourceTree = SDKROOT; };
		67FAFA7018C2825F00CE6481 /* NuPal-Info.plist */ = {isa = PBXFileReference; lastKnownFileType = text.plist.xml; path = "NuPal-Info.plist"; sourceTree = "<group>"; };
		67FAFA7218C2825F00CE6481 /* en */ = {isa = PBXFileReference; lastKnownFileType = text.plist.strings; name = en; path = en.lproj/InfoPlist.strings; sourceTree = "<group>"; };
		67FAFA7418C2825F00CE6481 /* main.m */ = {isa = PBXFileReference; lastKnownFileType = sourcecode.c.objc; path = main.m; sourceTree = "<group>"; };
		67FAFA7618C2825F00CE6481 /* NuPal-Prefix.pch */ = {isa = PBXFileReference; lastKnownFileType = sourcecode.c.h; path = "NuPal-Prefix.pch"; sourceTree = "<group>"; };
		67FAFA7718C2825F00CE6481 /* AppDelegate.h */ = {isa = PBXFileReference; lastKnownFileType = sourcecode.c.h; path = AppDelegate.h; sourceTree = "<group>"; };
		67FAFA7818C2825F00CE6481 /* AppDelegate.m */ = {isa = PBXFileReference; lastKnownFileType = sourcecode.c.objc; path = AppDelegate.m; sourceTree = "<group>"; };
		67FAFA7A18C2825F00CE6481 /* Images.xcassets */ = {isa = PBXFileReference; lastKnownFileType = folder.assetcatalog; path = Images.xcassets; sourceTree = "<group>"; };
		67FAFA8018C2825F00CE6481 /* NuPalTests.xctest */ = {isa = PBXFileReference; explicitFileType = wrapper.cfbundle; includeInIndex = 0; path = NuPalTests.xctest; sourceTree = BUILT_PRODUCTS_DIR; };
		67FAFA8118C2825F00CE6481 /* XCTest.framework */ = {isa = PBXFileReference; lastKnownFileType = wrapper.framework; name = XCTest.framework; path = Library/Frameworks/XCTest.framework; sourceTree = DEVELOPER_DIR; };
		67FAFA8918C2825F00CE6481 /* NuPalTests-Info.plist */ = {isa = PBXFileReference; lastKnownFileType = text.plist.xml; path = "NuPalTests-Info.plist"; sourceTree = "<group>"; };
		67FAFA8B18C2825F00CE6481 /* en */ = {isa = PBXFileReference; lastKnownFileType = text.plist.strings; name = en; path = en.lproj/InfoPlist.strings; sourceTree = "<group>"; };
		67FAFA8D18C2825F00CE6481 /* NuPalTests.m */ = {isa = PBXFileReference; lastKnownFileType = sourcecode.c.objc; path = NuPalTests.m; sourceTree = "<group>"; };
		67FAFAA218C293C600CE6481 /* Default-568h@2x.png */ = {isa = PBXFileReference; lastKnownFileType = image.png; name = "Default-568h@2x.png"; path = "NuPal/Images/Default-568h@2x.png"; sourceTree = "<group>"; };
/* End PBXFileReference section */

/* Begin PBXFrameworksBuildPhase section */
		67FAFA6218C2825F00CE6481 /* Frameworks */ = {
			isa = PBXFrameworksBuildPhase;
			buildActionMask = 2147483647;
			files = (
				67FAFA6B18C2825F00CE6481 /* CoreGraphics.framework in Frameworks */,
				67FAFA6D18C2825F00CE6481 /* UIKit.framework in Frameworks */,
				67FAFA6918C2825F00CE6481 /* Foundation.framework in Frameworks */,
			);
			runOnlyForDeploymentPostprocessing = 0;
		};
		67FAFA7D18C2825F00CE6481 /* Frameworks */ = {
			isa = PBXFrameworksBuildPhase;
			buildActionMask = 2147483647;
			files = (
				67FAFA8218C2825F00CE6481 /* XCTest.framework in Frameworks */,
				67FAFA8418C2825F00CE6481 /* UIKit.framework in Frameworks */,
				67FAFA8318C2825F00CE6481 /* Foundation.framework in Frameworks */,
			);
			runOnlyForDeploymentPostprocessing = 0;
		};
/* End PBXFrameworksBuildPhase section */

/* Begin PBXGroup section */
		67FAFA5C18C2825F00CE6481 = {
			isa = PBXGroup;
			children = (
				67FAFAA218C293C600CE6481 /* Default-568h@2x.png */,
				67FAFA6E18C2825F00CE6481 /* NuPal */,
				67FAFA8718C2825F00CE6481 /* NuPalTests */,
				67FAFA6718C2825F00CE6481 /* Frameworks */,
				67FAFA6618C2825F00CE6481 /* Products */,
			);
			sourceTree = "<group>";
		};
		67FAFA6618C2825F00CE6481 /* Products */ = {
			isa = PBXGroup;
			children = (
				67FAFA6518C2825F00CE6481 /* NuPal.app */,
				67FAFA8018C2825F00CE6481 /* NuPalTests.xctest */,
			);
			name = Products;
			sourceTree = "<group>";
		};
		67FAFA6718C2825F00CE6481 /* Frameworks */ = {
			isa = PBXGroup;
			children = (
				67FAFA6818C2825F00CE6481 /* Foundation.framework */,
				67FAFA6A18C2825F00CE6481 /* CoreGraphics.framework */,
				67FAFA6C18C2825F00CE6481 /* UIKit.framework */,
				67FAFA8118C2825F00CE6481 /* XCTest.framework */,
			);
			name = Frameworks;
			sourceTree = "<group>";
		};
		67FAFA6E18C2825F00CE6481 /* NuPal */ = {
			isa = PBXGroup;
			children = (
				67FAFA7718C2825F00CE6481 /* AppDelegate.h */,
				67FAFA7818C2825F00CE6481 /* AppDelegate.m */,
				67FAFA7A18C2825F00CE6481 /* Images.xcassets */,
				67FAFA6F18C2825F00CE6481 /* Supporting Files */,
			);
			path = NuPal;
			sourceTree = "<group>";
		};
		67FAFA6F18C2825F00CE6481 /* Supporting Files */ = {
			isa = PBXGroup;
			children = (
				67FAFA7018C2825F00CE6481 /* NuPal-Info.plist */,
				67FAFA7118C2825F00CE6481 /* InfoPlist.strings */,
				67FAFA7418C2825F00CE6481 /* main.m */,
				67FAFA7618C2825F00CE6481 /* NuPal-Prefix.pch */,
			);
			name = "Supporting Files";
			sourceTree = "<group>";
		};
		67FAFA8718C2825F00CE6481 /* NuPalTests */ = {
			isa = PBXGroup;
			children = (
				67FAFA8D18C2825F00CE6481 /* NuPalTests.m */,
				67FAFA8818C2825F00CE6481 /* Supporting Files */,
			);
			path = NuPalTests;
			sourceTree = "<group>";
		};
		67FAFA8818C2825F00CE6481 /* Supporting Files */ = {
			isa = PBXGroup;
			children = (
				67FAFA8918C2825F00CE6481 /* NuPalTests-Info.plist */,
				67FAFA8A18C2825F00CE6481 /* InfoPlist.strings */,
			);
			name = "Supporting Files";
			sourceTree = "<group>";
		};
/* End PBXGroup section */

/* Begin PBXNativeTarget section */
		67FAFA6418C2825F00CE6481 /* NuPal */ = {
			isa = PBXNativeTarget;
			buildConfigurationList = 67FAFA9118C2825F00CE6481 /* Build configuration list for PBXNativeTarget "NuPal" */;
			buildPhases = (
				67FAFA6118C2825F00CE6481 /* Sources */,
				67FAFA6218C2825F00CE6481 /* Frameworks */,
				67FAFA6318C2825F00CE6481 /* Resources */,
			);
			buildRules = (
			);
			dependencies = (
			);
			name = NuPal;
			productName = NuPal;
			productReference = 67FAFA6518C2825F00CE6481 /* NuPal.app */;
			productType = "com.apple.product-type.application";
		};
		67FAFA7F18C2825F00CE6481 /* NuPalTests */ = {
			isa = PBXNativeTarget;
			buildConfigurationList = 67FAFA9418C2825F00CE6481 /* Build configuration list for PBXNativeTarget "NuPalTests" */;
			buildPhases = (
				67FAFA7C18C2825F00CE6481 /* Sources */,
				67FAFA7D18C2825F00CE6481 /* Frameworks */,
				67FAFA7E18C2825F00CE6481 /* Resources */,
			);
			buildRules = (
			);
			dependencies = (
				67FAFA8618C2825F00CE6481 /* PBXTargetDependency */,
			);
			name = NuPalTests;
			productName = NuPalTests;
			productReference = 67FAFA8018C2825F00CE6481 /* NuPalTests.xctest */;
			productType = "com.apple.product-type.bundle.unit-test";
		};
/* End PBXNativeTarget section */

/* Begin PBXProject section */
		67FAFA5D18C2825F00CE6481 /* Project object */ = {
			isa = PBXProject;
			attributes = {
				LastUpgradeCheck = 0500;
				ORGANIZATIONNAME = NuPal;
				TargetAttributes = {
					67FAFA7F18C2825F00CE6481 = {
						TestTargetID = 67FAFA6418C2825F00CE6481;
					};
				};
			};
			buildConfigurationList = 67FAFA6018C2825F00CE6481 /* Build configuration list for PBXProject "NuPal" */;
			compatibilityVersion = "Xcode 3.2";
			developmentRegion = English;
			hasScannedForEncodings = 0;
			knownRegions = (
				en,
			);
			mainGroup = 67FAFA5C18C2825F00CE6481;
			productRefGroup = 67FAFA6618C2825F00CE6481 /* Products */;
			projectDirPath = "";
			projectRoot = "";
			targets = (
				67FAFA6418C2825F00CE6481 /* NuPal */,
				67FAFA7F18C2825F00CE6481 /* NuPalTests */,
			);
		};
/* End PBXProject section */

/* Begin PBXResourcesBuildPhase section */
		67FAFA6318C2825F00CE6481 /* Resources */ = {
			isa = PBXResourcesBuildPhase;
			buildActionMask = 2147483647;
			files = (
				67FAFA7318C2825F00CE6481 /* InfoPlist.strings in Resources */,
				67FAFA7B18C2825F00CE6481 /* Images.xcassets in Resources */,
				67FAFAA318C293C600CE6481 /* Default-568h@2x.png in Resources */,
			);
			runOnlyForDeploymentPostprocessing = 0;
		};
		67FAFA7E18C2825F00CE6481 /* Resources */ = {
			isa = PBXResourcesBuildPhase;
			buildActionMask = 2147483647;
			files = (
				67FAFA8C18C2825F00CE6481 /* InfoPlist.strings in Resources */,
				67FAFAA418C293C600CE6481 /* Default-568h@2x.png in Resources */,
			);
			runOnlyForDeploymentPostprocessing = 0;
		};
/* End PBXResourcesBuildPhase section */

/* Begin PBXSourcesBuildPhase section */
		67FAFA6118C2825F00CE6481 /* Sources */ = {
			isa = PBXSourcesBuildPhase;
			buildActionMask = 2147483647;
			files = (
				67FAFA7918C2825F00CE6481 /* AppDelegate.m in Sources */,
				67FAFA7518C2825F00CE6481 /* main.m in Sources */,
			);
			runOnlyForDeploymentPostprocessing = 0;
		};
		67FAFA7C18C2825F00CE6481 /* Sources */ = {
			isa = PBXSourcesBuildPhase;
			buildActionMask = 2147483647;
			files = (
				67FAFA8E18C2825F00CE6481 /* NuPalTests.m in Sources */,
			);
			runOnlyForDeploymentPostprocessing = 0;
		};
/* End PBXSourcesBuildPhase section */

/* Begin PBXTargetDependency section */
		67FAFA8618C2825F00CE6481 /* PBXTargetDependency */ = {
			isa = PBXTargetDependency;
			target = 67FAFA6418C2825F00CE6481 /* NuPal */;
			targetProxy = 67FAFA8518C2825F00CE6481 /* PBXContainerItemProxy */;
		};
/* End PBXTargetDependency section */

/* Begin PBXVariantGroup section */
		67FAFA7118C2825F00CE6481 /* InfoPlist.strings */ = {
			isa = PBXVariantGroup;
			children = (
				67FAFA7218C2825F00CE6481 /* en */,
			);
			name = InfoPlist.strings;
			sourceTree = "<group>";
		};
		67FAFA8A18C2825F00CE6481 /* InfoPlist.strings */ = {
			isa = PBXVariantGroup;
			children = (
				67FAFA8B18C2825F00CE6481 /* en */,
			);
			name = InfoPlist.strings;
			sourceTree = "<group>";
		};
/* End PBXVariantGroup section */

/* Begin XCBuildConfiguration section */
		67FAFA8F18C2825F00CE6481 /* Debug */ = {
			isa = XCBuildConfiguration;
			buildSettings = {
				ALWAYS_SEARCH_USER_PATHS = NO;
				ARCHS = "$(ARCHS_STANDARD_INCLUDING_64_BIT)";
				CLANG_CXX_LANGUAGE_STANDARD = "gnu++0x";
				CLANG_CXX_LIBRARY = "libc++";
				CLANG_ENABLE_MODULES = YES;
				CLANG_ENABLE_OBJC_ARC = YES;
				CLANG_WARN_BOOL_CONVERSION = YES;
				CLANG_WARN_CONSTANT_CONVERSION = YES;
				CLANG_WARN_DIRECT_OBJC_ISA_USAGE = YES_ERROR;
				CLANG_WARN_EMPTY_BODY = YES;
				CLANG_WARN_ENUM_CONVERSION = YES;
				CLANG_WARN_INT_CONVERSION = YES;
				CLANG_WARN_OBJC_ROOT_CLASS = YES_ERROR;
				CLANG_WARN__DUPLICATE_METHOD_MATCH = YES;
				"CODE_SIGN_IDENTITY[sdk=iphoneos*]" = "iPhone Developer";
				COPY_PHASE_STRIP = NO;
				GCC_C_LANGUAGE_STANDARD = gnu99;
				GCC_DYNAMIC_NO_PIC = NO;
				GCC_OPTIMIZATION_LEVEL = 0;
				GCC_PREPROCESSOR_DEFINITIONS = (
					"DEBUG=1",
					"$(inherited)",
				);
				GCC_SYMBOLS_PRIVATE_EXTERN = NO;
				GCC_WARN_64_TO_32_BIT_CONVERSION = YES;
				GCC_WARN_ABOUT_RETURN_TYPE = YES_ERROR;
				GCC_WARN_UNDECLARED_SELECTOR = YES;
				GCC_WARN_UNINITIALIZED_AUTOS = YES;
				GCC_WARN_UNUSED_FUNCTION = YES;
				GCC_WARN_UNUSED_VARIABLE = YES;
				IPHONEOS_DEPLOYMENT_TARGET = 7.0;
				ONLY_ACTIVE_ARCH = YES;
				SDKROOT = iphoneos;
			};
			name = Debug;
		};
		67FAFA9018C2825F00CE6481 /* Release */ = {
			isa = XCBuildConfiguration;
			buildSettings = {
				ALWAYS_SEARCH_USER_PATHS = NO;
				ARCHS = "$(ARCHS_STANDARD_INCLUDING_64_BIT)";
				CLANG_CXX_LANGUAGE_STANDARD = "gnu++0x";
				CLANG_CXX_LIBRARY = "libc++";
				CLANG_ENABLE_MODULES = YES;
				CLANG_ENABLE_OBJC_ARC = YES;
				CLANG_WARN_BOOL_CONVERSION = YES;
				CLANG_WARN_CONSTANT_CONVERSION = YES;
				CLANG_WARN_DIRECT_OBJC_ISA_USAGE = YES_ERROR;
				CLANG_WARN_EMPTY_BODY = YES;
				CLANG_WARN_ENUM_CONVERSION = YES;
				CLANG_WARN_INT_CONVERSION = YES;
				CLANG_WARN_OBJC_ROOT_CLASS = YES_ERROR;
				CLANG_WARN__DUPLICATE_METHOD_MATCH = YES;
				"CODE_SIGN_IDENTITY[sdk=iphoneos*]" = "iPhone Developer";
				COPY_PHASE_STRIP = YES;
				ENABLE_NS_ASSERTIONS = NO;
				GCC_C_LANGUAGE_STANDARD = gnu99;
				GCC_WARN_64_TO_32_BIT_CONVERSION = YES;
				GCC_WARN_ABOUT_RETURN_TYPE = YES_ERROR;
				GCC_WARN_UNDECLARED_SELECTOR = YES;
				GCC_WARN_UNINITIALIZED_AUTOS = YES;
				GCC_WARN_UNUSED_FUNCTION = YES;
				GCC_WARN_UNUSED_VARIABLE = YES;
				IPHONEOS_DEPLOYMENT_TARGET = 7.0;
				SDKROOT = iphoneos;
				VALIDATE_PRODUCT = YES;
			};
			name = Release;
		};
		67FAFA9218C2825F00CE6481 /* Debug */ = {
			isa = XCBuildConfiguration;
			buildSettings = {
				GCC_PRECOMPILE_PREFIX_HEADER = YES;
				GCC_PREFIX_HEADER = "NuPal/NuPal-Prefix.pch";
				INFOPLIST_FILE = "NuPal/NuPal-Info.plist";
				IPHONEOS_DEPLOYMENT_TARGET = 7.0;
				PRODUCT_NAME = "$(TARGET_NAME)";
				TARGETED_DEVICE_FAMILY = "1,2";
				WRAPPER_EXTENSION = app;
			};
			name = Debug;
		};
		67FAFA9318C2825F00CE6481 /* Release */ = {
			isa = XCBuildConfiguration;
			buildSettings = {
				GCC_PRECOMPILE_PREFIX_HEADER = YES;
				GCC_PREFIX_HEADER = "NuPal/NuPal-Prefix.pch";
				INFOPLIST_FILE = "NuPal/NuPal-Info.plist";
				IPHONEOS_DEPLOYMENT_TARGET = 7.0;
				PRODUCT_NAME = "$(TARGET_NAME)";
				TARGETED_DEVICE_FAMILY = "1,2";
				WRAPPER_EXTENSION = app;
			};
			name = Release;
		};
		67FAFA9518C2825F00CE6481 /* Debug */ = {
			isa = XCBuildConfiguration;
			buildSettings = {
				ARCHS = "$(ARCHS_STANDARD_INCLUDING_64_BIT)";
				BUNDLE_LOADER = "$(BUILT_PRODUCTS_DIR)/NuPal.app/NuPal";
				FRAMEWORK_SEARCH_PATHS = (
					"$(SDKROOT)/Developer/Library/Frameworks",
					"$(inherited)",
					"$(DEVELOPER_FRAMEWORKS_DIR)",
				);
				GCC_PRECOMPILE_PREFIX_HEADER = YES;
				GCC_PREFIX_HEADER = "NuPal/NuPal-Prefix.pch";
				GCC_PREPROCESSOR_DEFINITIONS = (
					"DEBUG=1",
					"$(inherited)",
				);
				INFOPLIST_FILE = "NuPalTests/NuPalTests-Info.plist";
				PRODUCT_NAME = "$(TARGET_NAME)";
				TEST_HOST = "$(BUNDLE_LOADER)";
				WRAPPER_EXTENSION = xctest;
			};
			name = Debug;
		};
		67FAFA9618C2825F00CE6481 /* Release */ = {
			isa = XCBuildConfiguration;
			buildSettings = {
				ARCHS = "$(ARCHS_STANDARD_INCLUDING_64_BIT)";
				BUNDLE_LOADER = "$(BUILT_PRODUCTS_DIR)/NuPal.app/NuPal";
				FRAMEWORK_SEARCH_PATHS = (
					"$(SDKROOT)/Developer/Library/Frameworks",
					"$(inherited)",
					"$(DEVELOPER_FRAMEWORKS_DIR)",
				);
				GCC_PRECOMPILE_PREFIX_HEADER = YES;
				GCC_PREFIX_HEADER = "NuPal/NuPal-Prefix.pch";
				INFOPLIST_FILE = "NuPalTests/NuPalTests-Info.plist";
				PRODUCT_NAME = "$(TARGET_NAME)";
				TEST_HOST = "$(BUNDLE_LOADER)";
				WRAPPER_EXTENSION = xctest;
			};
			name = Release;
		};
/* End XCBuildConfiguration section */

/* Begin XCConfigurationList section */
		67FAFA6018C2825F00CE6481 /* Build configuration list for PBXProject "NuPal" */ = {
			isa = XCConfigurationList;
			buildConfigurations = (
				67FAFA8F18C2825F00CE6481 /* Debug */,
				67FAFA9018C2825F00CE6481 /* Release */,
			);
			defaultConfigurationIsVisible = 0;
			defaultConfigurationName = Release;
		};
		67FAFA9118C2825F00CE6481 /* Build configuration list for PBXNativeTarget "NuPal" */ = {
			isa = XCConfigurationList;
			buildConfigurations = (
				67FAFA9218C2825F00CE6481 /* Debug */,
				67FAFA9318C2825F00CE6481 /* Release */,
			);
			defaultConfigurationIsVisible = 0;
		};
		67FAFA9418C2825F00CE6481 /* Build configuration list for PBXNativeTarget "NuPalTests" */ = {
			isa = XCConfigurationList;
			buildConfigurations = (
				67FAFA9518C2825F00CE6481 /* Debug */,
				67FAFA9618C2825F00CE6481 /* Release */,
			);
			defaultConfigurationIsVisible = 0;
		};
/* End XCConfigurationList section */
	};
	rootObject = 67FAFA5D18C2825F00CE6481 /* Project object */;
}
